[root]
name = "comms"
version = "0.1.0"
dependencies = [
 "guilt-by-association 0.2.1 (registry+https://github.com/rust-lang/crates.io-index)",
 "hprof 0.1.2 (registry+https://github.com/rust-lang/crates.io-index)",
 "libc 0.2.2 (registry+https://github.com/rust-lang/crates.io-index)",
 "time 0.1.34 (registry+https://github.com/rust-lang/crates.io-index)",
 "utils 0.1.0",
]

[[package]]
name = "clock_ticks"
version = "0.1.0"
source = "registry+https://github.com/rust-lang/crates.io-index"
dependencies = [
 "libc 0.1.12 (registry+https://github.com/rust-lang/crates.io-index)",
]

[[package]]
name = "guilt-by-association"
version = "0.2.1"
source = "registry+https://github.com/rust-lang/crates.io-index"

[[package]]
name = "hprof"
version = "0.1.2"
source = "registry+https://github.com/rust-lang/crates.io-index"
dependencies = [
 "clock_ticks 0.1.0 (registry+https://github.com/rust-lang/crates.io-index)",
 "log 0.3.3 (registry+https://github.com/rust-lang/crates.io-index)",
]

[[package]]
name = "kernel32-sys"
version = "0.2.1"
source = "registry+https://github.com/rust-lang/crates.io-index"
dependencies = [
 "winapi 0.2.5 (registry+https://github.com/rust-lang/crates.io-index)",
 "winapi-build 0.1.1 (registry+https://github.com/rust-lang/crates.io-index)",
]

[[package]]
name = "libc"
version = "0.1.12"
source = "registry+https://github.com/rust-lang/crates.io-index"

[[package]]
name = "libc"
version = "0.2.2"
source = "registry+https://github.com/rust-lang/crates.io-index"

[[package]]
name = "log"
version = "0.3.3"
source = "registry+https://github.com/rust-lang/crates.io-index"
dependencies = [
 "libc 0.1.12 (registry+https://github.com/rust-lang/crates.io-index)",
]

[[package]]
name = "time"
version = "0.1.34"
source = "registry+https://github.com/rust-lang/crates.io-index"
dependencies = [
 "kernel32-sys 0.2.1 (registry+https://github.com/rust-lang/crates.io-index)",
 "libc 0.2.2 (registry+https://github.com/rust-lang/crates.io-index)",
 "winapi 0.2.5 (registry+https://github.com/rust-lang/crates.io-index)",
]

[[package]]
name = "utils"
version = "0.1.0"
dependencies = [
 "hprof 0.1.2 (registry+https://github.com/rust-lang/crates.io-index)",
]

[[package]]
name = "winapi"
version = "0.2.5"
source = "registry+https://github.com/rust-lang/crates.io-index"

[[package]]
name = "winapi-build"
version = "0.1.1"
source = "registry+https://github.com/rust-lang/crates.io-index"

[metadata]
"checksum clock_ticks 0.1.0 (registry+https://github.com/rust-lang/crates.io-index)" = "da9bd98fefcf1904a3f80ead86d366d9373c34db7b8a8e48c1fdcaac4787800d"
"checksum guilt-by-association 0.2.1 (registry+https://github.com/rust-lang/crates.io-index)" = "6621d12976824a985a947030418b73fe0f619e21acbb3eedad1f0351c7435ad1"
"checksum hprof 0.1.2 (registry+https://github.com/rust-lang/crates.io-index)" = "815c861e280a7d7868dddfaf9aa836996c79c0bc39aa7e57aaf7eccc7ababb09"
"checksum kernel32-sys 0.2.1 (registry+https://github.com/rust-lang/crates.io-index)" = "b5b5e7edf375e6d26243bde172f1d5ed1446f4a766fc9b7006e1fd27258243f1"
"checksum libc 0.1.12 (registry+https://github.com/rust-lang/crates.io-index)" = "e32a70cf75e5846d53a673923498228bbec6a8624708a9ea5645f075d6276122"
"checksum libc 0.2.2 (registry+https://github.com/rust-lang/crates.io-index)" = "9fe40c82db71d8e4db6910989256d407abc151586aa10b8bce68bf84108af5ce"
"checksum log 0.3.3 (registry+https://github.com/rust-lang/crates.io-index)" = "fbb9a8cc55c114657af9fd2297fad569cb0d126851aa9a132b1e93b5789d67f9"
"checksum time 0.1.34 (registry+https://github.com/rust-lang/crates.io-index)" = "8c4aeaa1c95974f5763c3a5ac0db95a19793589bcea5d22e161b5587e3aad029"
"checksum winapi 0.2.5 (registry+https://github.com/rust-lang/crates.io-index)" = "dc3583688b861fcd83c2823d37cf2cd2446c233dd7ba3f97884d1a7302817537"
"checksum winapi-build 0.1.1 (registry+https://github.com/rust-lang/crates.io-index)" = "2d315eee3b34aca4797b2da6b13ed88266e6d612562a0c46390af8299fc699bc"
