[root]
name = "scribe"
version = "0.1.0"
dependencies = [
 "abort_on_panic 1.0.0 (registry+https://github.com/rust-lang/crates.io-index)",
 "lazy_static 0.1.15 (registry+https://github.com/rust-lang/crates.io-index)",
 "libc 0.2.2 (registry+https://github.com/rust-lang/crates.io-index)",
 "utils 0.1.0",
]

[[package]]
name = "abort_on_panic"
version = "1.0.0"
source = "registry+https://github.com/rust-lang/crates.io-index"

[[package]]
name = "clock_ticks"
version = "0.1.0"
source = "registry+https://github.com/rust-lang/crates.io-index"
dependencies = [
 "libc 0.1.12 (registry+https://github.com/rust-lang/crates.io-index)",
]

[[package]]
name = "hprof"
version = "0.1.2"
source = "registry+https://github.com/rust-lang/crates.io-index"
dependencies = [
 "clock_ticks 0.1.0 (registry+https://github.com/rust-lang/crates.io-index)",
 "log 0.3.3 (registry+https://github.com/rust-lang/crates.io-index)",
]

[[package]]
name = "lazy_static"
version = "0.1.15"
source = "registry+https://github.com/rust-lang/crates.io-index"

[[package]]
name = "libc"
version = "0.1.12"
source = "registry+https://github.com/rust-lang/crates.io-index"

[[package]]
name = "libc"
version = "0.2.2"
source = "registry+https://github.com/rust-lang/crates.io-index"

[[package]]
name = "log"
version = "0.3.3"
source = "registry+https://github.com/rust-lang/crates.io-index"
dependencies = [
 "libc 0.1.12 (registry+https://github.com/rust-lang/crates.io-index)",
]

[[package]]
name = "utils"
version = "0.1.0"
dependencies = [
 "hprof 0.1.2 (registry+https://github.com/rust-lang/crates.io-index)",
]

